
Microsoft Visual Studio Solution File, Format Version 12.00
# Visual Studio Version 17
VisualStudioVersion = 17.3.32922.545
MinimumVisualStudioVersion = 10.0.40219.1
Project("{FAE04EC0-301F-11D3-BF4B-00C04F79EFBC}") = "03-SippingAndHandling", "03-SippingAndHandling\03-SippingAndHandling.csproj", "{BDAB73FB-9678-484A-BBF3-8E7C5320A060}"
EndProject
Global
	GlobalSection(SolutionConfigurationPlatforms) = preSolution
		Debug|Any CPU = Debug|Any CPU
		Release|Any CPU = Release|Any CPU
	EndGlobalSection
	GlobalSection(ProjectConfigurationPlatforms) = postSolution
		{BDAB73FB-9678-484A-BBF3-8E7C5320A060}.Debug|Any CPU.ActiveCfg = Debug|Any CPU
		{BDAB73FB-9678-484A-BBF3-8E7C5320A060}.Debug|Any CPU.Build.0 = Debug|Any CPU
		{BDAB73FB-9678-484A-BBF3-8E7C5320A060}.Release|Any CPU.ActiveCfg = Release|Any CPU
		{BDAB73FB-9678-484A-BBF3-8E7C5320A060}.Release|Any CPU.Build.0 = Release|Any CPU
	EndGlobalSection
	GlobalSection(SolutionProperties) = preSolution
		HideSolutionNode = FALSE
	EndGlobalSection
	GlobalSection(ExtensibilityGlobals) = postSolution
		SolutionGuid = {7CDB4A11-57BC-47D9-99E9-295995631913}
	EndGlobalSection
EndGlobal
