
Microsoft Visual Studio Solution File, Format Version 12.00
# Visual Studio Version 17
VisualStudioVersion = 17.3.32922.545
MinimumVisualStudioVersion = 10.0.40219.1
Project("{FAE04EC0-301F-11D3-BF4B-00C04F79EFBC}") = "04-FutureValue-For", "04-FutureValue-For\04-FutureValue-For.csproj", "{E4760BCD-8A9E-402D-BE6A-E9397917E7EC}"
EndProject
Global
	GlobalSection(SolutionConfigurationPlatforms) = preSolution
		Debug|Any CPU = Debug|Any CPU
		Release|Any CPU = Release|Any CPU
	EndGlobalSection
	GlobalSection(ProjectConfigurationPlatforms) = postSolution
		{E4760BCD-8A9E-402D-BE6A-E9397917E7EC}.Debug|Any CPU.ActiveCfg = Debug|Any CPU
		{E4760BCD-8A9E-402D-BE6A-E9397917E7EC}.Debug|Any CPU.Build.0 = Debug|Any CPU
		{E4760BCD-8A9E-402D-BE6A-E9397917E7EC}.Release|Any CPU.ActiveCfg = Release|Any CPU
		{E4760BCD-8A9E-402D-BE6A-E9397917E7EC}.Release|Any CPU.Build.0 = Release|Any CPU
	EndGlobalSection
	GlobalSection(SolutionProperties) = preSolution
		HideSolutionNode = FALSE
	EndGlobalSection
	GlobalSection(ExtensibilityGlobals) = postSolution
		SolutionGuid = {D19CC945-BB37-4A95-BF10-9A64761C8B27}
	EndGlobalSection
EndGlobal
