
Microsoft Visual Studio Solution File, Format Version 12.00
# Visual Studio Version 17
VisualStudioVersion = 17.3.32922.545
MinimumVisualStudioVersion = 10.0.40219.1
Project("{FAE04EC0-301F-11D3-BF4B-00C04F79EFBC}") = "04-StudentPopulation", "04-StudentPopulation\04-StudentPopulation.csproj", "{E0A4B63A-A510-4B81-8260-1FB1F29ECF8C}"
EndProject
Global
	GlobalSection(SolutionConfigurationPlatforms) = preSolution
		Debug|Any CPU = Debug|Any CPU
		Release|Any CPU = Release|Any CPU
	EndGlobalSection
	GlobalSection(ProjectConfigurationPlatforms) = postSolution
		{E0A4B63A-A510-4B81-8260-1FB1F29ECF8C}.Debug|Any CPU.ActiveCfg = Debug|Any CPU
		{E0A4B63A-A510-4B81-8260-1FB1F29ECF8C}.Debug|Any CPU.Build.0 = Debug|Any CPU
		{E0A4B63A-A510-4B81-8260-1FB1F29ECF8C}.Release|Any CPU.ActiveCfg = Release|Any CPU
		{E0A4B63A-A510-4B81-8260-1FB1F29ECF8C}.Release|Any CPU.Build.0 = Release|Any CPU
	EndGlobalSection
	GlobalSection(SolutionProperties) = preSolution
		HideSolutionNode = FALSE
	EndGlobalSection
	GlobalSection(ExtensibilityGlobals) = postSolution
		SolutionGuid = {AA5CB45E-F0E3-458E-A54D-5442BC734066}
	EndGlobalSection
EndGlobal
